
Microsoft Visual Studio Solution File, Format Version 12.00
# Visual Studio 15
VisualStudioVersion = 15.0.27703.2018
MinimumVisualStudioVersion = 10.0.40219.1
Project("{FAE04EC0-301F-11D3-BF4B-00C04F79EFBC}") = "Onboarding_Project4_React", "Onboarding_Project4_React\Onboarding_Project4_React.csproj", "{B3BF2601-C50F-42AB-A0A0-EF1B81963B0B}"
EndProject
Global
	GlobalSection(SolutionConfigurationPlatforms) = preSolution
		Debug|Any CPU = Debug|Any CPU
		Release|Any CPU = Release|Any CPU
	EndGlobalSection
	GlobalSection(ProjectConfigurationPlatforms) = postSolution
		{B3BF2601-C50F-42AB-A0A0-EF1B81963B0B}.Debug|Any CPU.ActiveCfg = Debug|Any CPU
		{B3BF2601-C50F-42AB-A0A0-EF1B81963B0B}.Debug|Any CPU.Build.0 = Debug|Any CPU
		{B3BF2601-C50F-42AB-A0A0-EF1B81963B0B}.Release|Any CPU.ActiveCfg = Release|Any CPU
		{B3BF2601-C50F-42AB-A0A0-EF1B81963B0B}.Release|Any CPU.Build.0 = Release|Any CPU
	EndGlobalSection
	GlobalSection(SolutionProperties) = preSolution
		HideSolutionNode = FALSE
	EndGlobalSection
	GlobalSection(ExtensibilityGlobals) = postSolution
		SolutionGuid = {6A23B90E-F807-41B6-91B4-BEC8D60653F8}
	EndGlobalSection
EndGlobal
